
Microsoft Visual Studio Solution File, Format Version 12.00
# Visual Studio Version 17
VisualStudioVersion = 17.10.35004.147
MinimumVisualStudioVersion = 10.0.40219.1
Project("{FAE04EC0-301F-11D3-BF4B-00C04F79EFBC}") = "Sistema do HotelA3", "Sistema do HotelA3.csproj", "{856F517A-167F-42B5-A7D5-8A084B9FC0D0}"
EndProject
Global
	GlobalSection(SolutionConfigurationPlatforms) = preSolution
		Debug|Any CPU = Debug|Any CPU
		Release|Any CPU = Release|Any CPU
	EndGlobalSection
	GlobalSection(ProjectConfigurationPlatforms) = postSolution
		{856F517A-167F-42B5-A7D5-8A084B9FC0D0}.Debug|Any CPU.ActiveCfg = Debug|Any CPU
		{856F517A-167F-42B5-A7D5-8A084B9FC0D0}.Debug|Any CPU.Build.0 = Debug|Any CPU
		{856F517A-167F-42B5-A7D5-8A084B9FC0D0}.Release|Any CPU.ActiveCfg = Release|Any CPU
		{856F517A-167F-42B5-A7D5-8A084B9FC0D0}.Release|Any CPU.Build.0 = Release|Any CPU
	EndGlobalSection
	GlobalSection(SolutionProperties) = preSolution
		HideSolutionNode = FALSE
	EndGlobalSection
	GlobalSection(ExtensibilityGlobals) = postSolution
		SolutionGuid = {94BAB7D3-7ADB-4432-A75E-A46F29C9AC3D}
	EndGlobalSection
EndGlobal
